// !$*UTF8*$!
{
	archiveVersion = 1;
	classes = {
	};
	objectVersion = 50;
	objects = {

/* Begin PBXBuildFile section */
		3A07BE7328E5E52B009B9D96 /* AppDelegate.swift in Sources */ = {isa = PBXBuildFile; fileRef = 3A07BE7228E5E52B009B9D96 /* AppDelegate.swift */; };
		3A07BE7528E5E52B009B9D96 /* SceneDelegate.swift in Sources */ = {isa = PBXBuildFile; fileRef = 3A07BE7428E5E52B009B9D96 /* SceneDelegate.swift */; };
		3A07BE7D28E5E52B009B9D96 /* Test_task.xcdatamodeld in Sources */ = {isa = PBXBuildFile; fileRef = 3A07BE7B28E5E52B009B9D96 /* Test_task.xcdatamodeld */; };
		3A07BE7F28E5E532009B9D96 /* Assets.xcassets in Resources */ = {isa = PBXBuildFile; fileRef = 3A07BE7E28E5E532009B9D96 /* Assets.xcassets */; };
		3A07BE8228E5E532009B9D96 /* LaunchScreen.storyboard in Resources */ = {isa = PBXBuildFile; fileRef = 3A07BE8028E5E532009B9D96 /* LaunchScreen.storyboard */; };
		3A07BE9528E5EF68009B9D96 /* FavoriteViewController.swift in Sources */ = {isa = PBXBuildFile; fileRef = 3A07BE9428E5EF68009B9D96 /* FavoriteViewController.swift */; };
		3A07BE9828E5EF76009B9D96 /* ListViewController.swift in Sources */ = {isa = PBXBuildFile; fileRef = 3A07BE9728E5EF76009B9D96 /* ListViewController.swift */; };
		3A07BE9B28E5EFB0009B9D96 /* FavoriteViewPresenter.swift in Sources */ = {isa = PBXBuildFile; fileRef = 3A07BE9A28E5EFB0009B9D96 /* FavoriteViewPresenter.swift */; };
		3A07BE9E28E5EFFF009B9D96 /* ListViewPresenter.swift in Sources */ = {isa = PBXBuildFile; fileRef = 3A07BE9D28E5EFFF009B9D96 /* ListViewPresenter.swift */; };
		3A07BEA128E5F031009B9D96 /* ListViewDelegate.swift in Sources */ = {isa = PBXBuildFile; fileRef = 3A07BEA028E5F031009B9D96 /* ListViewDelegate.swift */; };
		3A07BEA428E5F27A009B9D96 /* TabBarView.swift in Sources */ = {isa = PBXBuildFile; fileRef = 3A07BEA328E5F27A009B9D96 /* TabBarView.swift */; };
		3A07BEA828E5F2C5009B9D96 /* Constants.swift in Sources */ = {isa = PBXBuildFile; fileRef = 3A07BEA728E5F2C5009B9D96 /* Constants.swift */; };
		3AC05B2628E6001200AB8627 /* NetworkDataFetcher.swift in Sources */ = {isa = PBXBuildFile; fileRef = 3AC05B2528E6001200AB8627 /* NetworkDataFetcher.swift */; };
		3AC05B2928E6002500AB8627 /* CoreDataHelper.swift in Sources */ = {isa = PBXBuildFile; fileRef = 3AC05B2828E6002500AB8627 /* CoreDataHelper.swift */; };
		3AC05B2D28E601E900AB8627 /* LoadedData.swift in Sources */ = {isa = PBXBuildFile; fileRef = 3AC05B2C28E601E900AB8627 /* LoadedData.swift */; };
		3AC05B3128E6060500AB8627 /* Extension + UIViewController.swift in Sources */ = {isa = PBXBuildFile; fileRef = 3AC05B3028E6060500AB8627 /* Extension + UIViewController.swift */; };
		3AC05B3428E6074100AB8627 /* DataCollectionViewCell.swift in Sources */ = {isa = PBXBuildFile; fileRef = 3AC05B3328E6074100AB8627 /* DataCollectionViewCell.swift */; };
		3AC05B4528E6CD2200AB8627 /* DataCollectionViewCellPresenter.swift in Sources */ = {isa = PBXBuildFile; fileRef = 3AC05B4428E6CD2200AB8627 /* DataCollectionViewCellPresenter.swift */; };
		3AC05B4928E6CF3500AB8627 /* DetailViewController.swift in Sources */ = {isa = PBXBuildFile; fileRef = 3AC05B4828E6CF3400AB8627 /* DetailViewController.swift */; };
		3AC05B4C28E6CF4100AB8627 /* DetailViewPresenter.swift in Sources */ = {isa = PBXBuildFile; fileRef = 3AC05B4B28E6CF4100AB8627 /* DetailViewPresenter.swift */; };
		3AC05B4F28E6E17900AB8627 /* FavouriteTableViewCell.swift in Sources */ = {isa = PBXBuildFile; fileRef = 3AC05B4E28E6E17900AB8627 /* FavouriteTableViewCell.swift */; };
		3AC05B5828E728FE00AB8627 /* FetchDataModel.swift in Sources */ = {isa = PBXBuildFile; fileRef = 3AC05B5728E728FD00AB8627 /* FetchDataModel.swift */; };
		3AC05B5B28E74C6000AB8627 /* Extension + UIImageView.swift in Sources */ = {isa = PBXBuildFile; fileRef = 3AC05B5A28E74C5F00AB8627 /* Extension + UIImageView.swift */; };
		3AC05B6128E810BC00AB8627 /* FavouriteViewDelegate.swift in Sources */ = {isa = PBXBuildFile; fileRef = 3AC05B6028E810BC00AB8627 /* FavouriteViewDelegate.swift */; };
		3AC05B6428E8130200AB8627 /* FavouriteTableViewCellPresenter.swift in Sources */ = {isa = PBXBuildFile; fileRef = 3AC05B6328E8130200AB8627 /* FavouriteTableViewCellPresenter.swift */; };
		9435F9C9DF4C038E4C7CBCBA /* Pods_Test_task.framework in Frameworks */ = {isa = PBXBuildFile; fileRef = 6EEE63B7A2C85362779BC613 /* Pods_Test_task.framework */; };
/* End PBXBuildFile section */

/* Begin PBXFileReference section */
		3A07BE6F28E5E52A009B9D96 /* Test-task.app */ = {isa = PBXFileReference; explicitFileType = wrapper.application; includeInIndex = 0; path = "Test-task.app"; sourceTree = BUILT_PRODUCTS_DIR; };
		3A07BE7228E5E52B009B9D96 /* AppDelegate.swift */ = {isa = PBXFileReference; lastKnownFileType = sourcecode.swift; path = AppDelegate.swift; sourceTree = "<group>"; };
		3A07BE7428E5E52B009B9D96 /* SceneDelegate.swift */ = {isa = PBXFileReference; lastKnownFileType = sourcecode.swift; path = SceneDelegate.swift; sourceTree = "<group>"; };
		3A07BE7C28E5E52B009B9D96 /* Test_task.xcdatamodel */ = {isa = PBXFileReference; lastKnownFileType = wrapper.xcdatamodel; path = Test_task.xcdatamodel; sourceTree = "<group>"; };
		3A07BE7E28E5E532009B9D96 /* Assets.xcassets */ = {isa = PBXFileReference; lastKnownFileType = folder.assetcatalog; path = Assets.xcassets; sourceTree = "<group>"; };
		3A07BE8128E5E532009B9D96 /* Base */ = {isa = PBXFileReference; lastKnownFileType = file.storyboard; name = Base; path = Base.lproj/LaunchScreen.storyboard; sourceTree = "<group>"; };
		3A07BE8328E5E532009B9D96 /* Info.plist */ = {isa = PBXFileReference; lastKnownFileType = text.plist.xml; path = Info.plist; sourceTree = "<group>"; };
		3A07BE9428E5EF68009B9D96 /* FavoriteViewController.swift */ = {isa = PBXFileReference; lastKnownFileType = sourcecode.swift; path = FavoriteViewController.swift; sourceTree = "<group>"; };
		3A07BE9728E5EF76009B9D96 /* ListViewController.swift */ = {isa = PBXFileReference; lastKnownFileType = sourcecode.swift; path = ListViewController.swift; sourceTree = "<group>"; };
		3A07BE9A28E5EFB0009B9D96 /* FavoriteViewPresenter.swift */ = {isa = PBXFileReference; lastKnownFileType = sourcecode.swift; path = FavoriteViewPresenter.swift; sourceTree = "<group>"; };
		3A07BE9D28E5EFFF009B9D96 /* ListViewPresenter.swift */ = {isa = PBXFileReference; lastKnownFileType = sourcecode.swift; path = ListViewPresenter.swift; sourceTree = "<group>"; };
		3A07BEA028E5F031009B9D96 /* ListViewDelegate.swift */ = {isa = PBXFileReference; lastKnownFileType = sourcecode.swift; path = ListViewDelegate.swift; sourceTree = "<group>"; };
		3A07BEA328E5F27A009B9D96 /* TabBarView.swift */ = {isa = PBXFileReference; lastKnownFileType = sourcecode.swift; path = TabBarView.swift; sourceTree = "<group>"; };
		3A07BEA728E5F2C5009B9D96 /* Constants.swift */ = {isa = PBXFileReference; lastKnownFileType = sourcecode.swift; path = Constants.swift; sourceTree = "<group>"; };
		3AC05B2528E6001200AB8627 /* NetworkDataFetcher.swift */ = {isa = PBXFileReference; lastKnownFileType = sourcecode.swift; path = NetworkDataFetcher.swift; sourceTree = "<group>"; };
		3AC05B2828E6002500AB8627 /* CoreDataHelper.swift */ = {isa = PBXFileReference; lastKnownFileType = sourcecode.swift; path = CoreDataHelper.swift; sourceTree = "<group>"; };
		3AC05B2C28E601E900AB8627 /* LoadedData.swift */ = {isa = PBXFileReference; lastKnownFileType = sourcecode.swift; path = LoadedData.swift; sourceTree = "<group>"; };
		3AC05B3028E6060500AB8627 /* Extension + UIViewController.swift */ = {isa = PBXFileReference; lastKnownFileType = sourcecode.swift; path = "Extension + UIViewController.swift"; sourceTree = "<group>"; };
		3AC05B3328E6074100AB8627 /* DataCollectionViewCell.swift */ = {isa = PBXFileReference; lastKnownFileType = sourcecode.swift; path = DataCollectionViewCell.swift; sourceTree = "<group>"; };
		3AC05B4428E6CD2200AB8627 /* DataCollectionViewCellPresenter.swift */ = {isa = PBXFileReference; lastKnownFileType = sourcecode.swift; path = DataCollectionViewCellPresenter.swift; sourceTree = "<group>"; };
		3AC05B4828E6CF3400AB8627 /* DetailViewController.swift */ = {isa = PBXFileReference; lastKnownFileType = sourcecode.swift; path = DetailViewController.swift; sourceTree = "<group>"; };
		3AC05B4B28E6CF4100AB8627 /* DetailViewPresenter.swift */ = {isa = PBXFileReference; lastKnownFileType = sourcecode.swift; path = DetailViewPresenter.swift; sourceTree = "<group>"; };
		3AC05B4E28E6E17900AB8627 /* FavouriteTableViewCell.swift */ = {isa = PBXFileReference; lastKnownFileType = sourcecode.swift; path = FavouriteTableViewCell.swift; sourceTree = "<group>"; };
		3AC05B5728E728FD00AB8627 /* FetchDataModel.swift */ = {isa = PBXFileReference; lastKnownFileType = sourcecode.swift; path = FetchDataModel.swift; sourceTree = "<group>"; };
		3AC05B5A28E74C5F00AB8627 /* Extension + UIImageView.swift */ = {isa = PBXFileReference; lastKnownFileType = sourcecode.swift; path = "Extension + UIImageView.swift"; sourceTree = "<group>"; };
		3AC05B6028E810BC00AB8627 /* FavouriteViewDelegate.swift */ = {isa = PBXFileReference; lastKnownFileType = sourcecode.swift; path = FavouriteViewDelegate.swift; sourceTree = "<group>"; };
		3AC05B6328E8130200AB8627 /* FavouriteTableViewCellPresenter.swift */ = {isa = PBXFileReference; lastKnownFileType = sourcecode.swift; path = FavouriteTableViewCellPresenter.swift; sourceTree = "<group>"; };
		6EEE63B7A2C85362779BC613 /* Pods_Test_task.framework */ = {isa = PBXFileReference; explicitFileType = wrapper.framework; includeInIndex = 0; path = Pods_Test_task.framework; sourceTree = BUILT_PRODUCTS_DIR; };
		C86EAD7713D164F89F124740 /* Pods-Test-task.release.xcconfig */ = {isa = PBXFileReference; includeInIndex = 1; lastKnownFileType = text.xcconfig; name = "Pods-Test-task.release.xcconfig"; path = "Target Support Files/Pods-Test-task/Pods-Test-task.release.xcconfig"; sourceTree = "<group>"; };
		D05C20B44AA5543354C9BA76 /* Pods-Test-task.debug.xcconfig */ = {isa = PBXFileReference; includeInIndex = 1; lastKnownFileType = text.xcconfig; name = "Pods-Test-task.debug.xcconfig"; path = "Target Support Files/Pods-Test-task/Pods-Test-task.debug.xcconfig"; sourceTree = "<group>"; };
/* End PBXFileReference section */

/* Begin PBXFrameworksBuildPhase section */
		3A07BE6C28E5E52A009B9D96 /* Frameworks */ = {
			isa = PBXFrameworksBuildPhase;
			buildActionMask = 2147483647;
			files = (
				9435F9C9DF4C038E4C7CBCBA /* Pods_Test_task.framework in Frameworks */,
			);
			runOnlyForDeploymentPostprocessing = 0;
		};
/* End PBXFrameworksBuildPhase section */

/* Begin PBXGroup section */
		3A07BE6628E5E52A009B9D96 = {
			isa = PBXGroup;
			children = (
				3A07BE7128E5E52A009B9D96 /* Test-task */,
				3A07BE7028E5E52A009B9D96 /* Products */,
				9362F34B76C7C6D036F6BEDF /* Pods */,
				DDB1820442D67FE901798823 /* Frameworks */,
			);
			sourceTree = "<group>";
		};
		3A07BE7028E5E52A009B9D96 /* Products */ = {
			isa = PBXGroup;
			children = (
				3A07BE6F28E5E52A009B9D96 /* Test-task.app */,
			);
			name = Products;
			sourceTree = "<group>";
		};
		3A07BE7128E5E52A009B9D96 /* Test-task */ = {
			isa = PBXGroup;
			children = (
				3A07BE8A28E5E54C009B9D96 /* App */,
				3AC05B2F28E605ED00AB8627 /* Extensions */,
				3AC05B2B28E601C700AB8627 /* Models */,
				3A07BEA628E5F2B4009B9D96 /* Helpers */,
				3A07BE9028E5EEDB009B9D96 /* Screens */,
				3A07BE9328E5EF3D009B9D96 /* Views */,
				3A07BE8F28E5EEC8009B9D96 /* Resources */,
			);
			path = "Test-task";
			sourceTree = "<group>";
		};
		3A07BE8A28E5E54C009B9D96 /* App */ = {
			isa = PBXGroup;
			children = (
				3A07BE7228E5E52B009B9D96 /* AppDelegate.swift */,
				3A07BE7428E5E52B009B9D96 /* SceneDelegate.swift */,
				3A07BE8028E5E532009B9D96 /* LaunchScreen.storyboard */,
				3A07BE8328E5E532009B9D96 /* Info.plist */,
				3A07BE7B28E5E52B009B9D96 /* Test_task.xcdatamodeld */,
			);
			path = App;
			sourceTree = "<group>";
		};
		3A07BE8F28E5EEC8009B9D96 /* Resources */ = {
			isa = PBXGroup;
			children = (
				3A07BE7E28E5E532009B9D96 /* Assets.xcassets */,
			);
			path = Resources;
			sourceTree = "<group>";
		};
		3A07BE9028E5EEDB009B9D96 /* Screens */ = {
			isa = PBXGroup;
			children = (
				3A07BE9228E5EF07009B9D96 /* FavoritesViewController */,
				3A07BE9128E5EEF5009B9D96 /* ListViewController */,
				3AC05B4728E6CF1600AB8627 /* DetailScreen */,
			);
			path = Screens;
			sourceTree = "<group>";
		};
		3A07BE9128E5EEF5009B9D96 /* ListViewController */ = {
			isa = PBXGroup;
			children = (
				3AC05B3B28E6B95700AB8627 /* Collection View */,
				3A07BE9728E5EF76009B9D96 /* ListViewController.swift */,
				3A07BE9D28E5EFFF009B9D96 /* ListViewPresenter.swift */,
				3A07BEA028E5F031009B9D96 /* ListViewDelegate.swift */,
			);
			path = ListViewController;
			sourceTree = "<group>";
		};
		3A07BE9228E5EF07009B9D96 /* FavoritesViewController */ = {
			isa = PBXGroup;
			children = (
				3AC05B5128E6E18000AB8627 /* TableView */,
				3A07BE9A28E5EFB0009B9D96 /* FavoriteViewPresenter.swift */,
				3AC05B6028E810BC00AB8627 /* FavouriteViewDelegate.swift */,
				3A07BE9428E5EF68009B9D96 /* FavoriteViewController.swift */,
			);
			path = FavoritesViewController;
			sourceTree = "<group>";
		};
		3A07BE9328E5EF3D009B9D96 /* Views */ = {
			isa = PBXGroup;
			children = (
				3A07BEA328E5F27A009B9D96 /* TabBarView.swift */,
			);
			path = Views;
			sourceTree = "<group>";
		};
		3A07BEA628E5F2B4009B9D96 /* Helpers */ = {
			isa = PBXGroup;
			children = (
				3A07BEA728E5F2C5009B9D96 /* Constants.swift */,
				3AC05B2528E6001200AB8627 /* NetworkDataFetcher.swift */,
				3AC05B2828E6002500AB8627 /* CoreDataHelper.swift */,
			);
			path = Helpers;
			sourceTree = "<group>";
		};
		3AC05B2B28E601C700AB8627 /* Models */ = {
			isa = PBXGroup;
			children = (
				3AC05B2C28E601E900AB8627 /* LoadedData.swift */,
				3AC05B5728E728FD00AB8627 /* FetchDataModel.swift */,
			);
			path = Models;
			sourceTree = "<group>";
		};
		3AC05B2F28E605ED00AB8627 /* Extensions */ = {
			isa = PBXGroup;
			children = (
				3AC05B3028E6060500AB8627 /* Extension + UIViewController.swift */,
				3AC05B5A28E74C5F00AB8627 /* Extension + UIImageView.swift */,
			);
			path = Extensions;
			sourceTree = "<group>";
		};
		3AC05B3B28E6B95700AB8627 /* Collection View */ = {
			isa = PBXGroup;
			children = (
				3AC05B3328E6074100AB8627 /* DataCollectionViewCell.swift */,
				3AC05B4428E6CD2200AB8627 /* DataCollectionViewCellPresenter.swift */,
			);
			path = "Collection View";
			sourceTree = "<group>";
		};
		3AC05B4728E6CF1600AB8627 /* DetailScreen */ = {
			isa = PBXGroup;
			children = (
				3AC05B4828E6CF3400AB8627 /* DetailViewController.swift */,
				3AC05B4B28E6CF4100AB8627 /* DetailViewPresenter.swift */,
			);
			path = DetailScreen;
			sourceTree = "<group>";
		};
		3AC05B5128E6E18000AB8627 /* TableView */ = {
			isa = PBXGroup;
			children = (
				3AC05B4E28E6E17900AB8627 /* FavouriteTableViewCell.swift */,
				3AC05B6328E8130200AB8627 /* FavouriteTableViewCellPresenter.swift */,
			);
			path = TableView;
			sourceTree = "<group>";
		};
		9362F34B76C7C6D036F6BEDF /* Pods */ = {
			isa = PBXGroup;
			children = (
				D05C20B44AA5543354C9BA76 /* Pods-Test-task.debug.xcconfig */,
				C86EAD7713D164F89F124740 /* Pods-Test-task.release.xcconfig */,
			);
			path = Pods;
			sourceTree = "<group>";
		};
		DDB1820442D67FE901798823 /* Frameworks */ = {
			isa = PBXGroup;
			children = (
				6EEE63B7A2C85362779BC613 /* Pods_Test_task.framework */,
			);
			name = Frameworks;
			sourceTree = "<group>";
		};
/* End PBXGroup section */

/* Begin PBXNativeTarget section */
		3A07BE6E28E5E52A009B9D96 /* Test-task */ = {
			isa = PBXNativeTarget;
			buildConfigurationList = 3A07BE8628E5E532009B9D96 /* Build configuration list for PBXNativeTarget "Test-task" */;
			buildPhases = (
				27961976E84C2DEE0C046B4B /* [CP] Check Pods Manifest.lock */,
				3A07BE6B28E5E52A009B9D96 /* Sources */,
				3A07BE6C28E5E52A009B9D96 /* Frameworks */,
				3A07BE6D28E5E52A009B9D96 /* Resources */,
				3AC05B4128E6C25000AB8627 /* ShellScript */,
			);
			buildRules = (
			);
			dependencies = (
			);
			name = "Test-task";
			productName = "Test-task";
			productReference = 3A07BE6F28E5E52A009B9D96 /* Test-task.app */;
			productType = "com.apple.product-type.application";
		};
/* End PBXNativeTarget section */

/* Begin PBXProject section */
		3A07BE6728E5E52A009B9D96 /* Project object */ = {
			isa = PBXProject;
			attributes = {
				LastSwiftUpdateCheck = 1210;
				LastUpgradeCheck = 1210;
				TargetAttributes = {
					3A07BE6E28E5E52A009B9D96 = {
						CreatedOnToolsVersion = 12.1;
					};
				};
			};
			buildConfigurationList = 3A07BE6A28E5E52A009B9D96 /* Build configuration list for PBXProject "Test-task" */;
			compatibilityVersion = "Xcode 9.3";
			developmentRegion = en;
			hasScannedForEncodings = 0;
			knownRegions = (
				en,
				Base,
			);
			mainGroup = 3A07BE6628E5E52A009B9D96;
			productRefGroup = 3A07BE7028E5E52A009B9D96 /* Products */;
			projectDirPath = "";
			projectRoot = "";
			targets = (
				3A07BE6E28E5E52A009B9D96 /* Test-task */,
			);
		};
/* End PBXProject section */

/* Begin PBXResourcesBuildPhase section */
		3A07BE6D28E5E52A009B9D96 /* Resources */ = {
			isa = PBXResourcesBuildPhase;
			buildActionMask = 2147483647;
			files = (
				3A07BE8228E5E532009B9D96 /* LaunchScreen.storyboard in Resources */,
				3A07BE7F28E5E532009B9D96 /* Assets.xcassets in Resources */,
			);
			runOnlyForDeploymentPostprocessing = 0;
		};
/* End PBXResourcesBuildPhase section */

/* Begin PBXShellScriptBuildPhase section */
		27961976E84C2DEE0C046B4B /* [CP] Check Pods Manifest.lock */ = {
			isa = PBXShellScriptBuildPhase;
			buildActionMask = 2147483647;
			files = (
			);
			inputFileListPaths = (
			);
			inputPaths = (
				"${PODS_PODFILE_DIR_PATH}/Podfile.lock",
				"${PODS_ROOT}/Manifest.lock",
			);
			name = "[CP] Check Pods Manifest.lock";
			outputFileListPaths = (
			);
			outputPaths = (
				"$(DERIVED_FILE_DIR)/Pods-Test-task-checkManifestLockResult.txt",
			);
			runOnlyForDeploymentPostprocessing = 0;
			shellPath = /bin/sh;
			shellScript = "diff \"${PODS_PODFILE_DIR_PATH}/Podfile.lock\" \"${PODS_ROOT}/Manifest.lock\" > /dev/null\nif [ $? != 0 ] ; then\n    # print error to STDERR\n    echo \"error: The sandbox is not in sync with the Podfile.lock. Run 'pod install' or update your CocoaPods installation.\" >&2\n    exit 1\nfi\n# This output is used by Xcode 'outputs' to avoid re-running this script phase.\necho \"SUCCESS\" > \"${SCRIPT_OUTPUT_FILE_0}\"\n";
			showEnvVarsInLog = 0;
		};
		3AC05B4128E6C25000AB8627 /* ShellScript */ = {
			isa = PBXShellScriptBuildPhase;
			buildActionMask = 2147483647;
			files = (
			);
			inputFileListPaths = (
			);
			inputPaths = (
			);
			outputFileListPaths = (
			);
			outputPaths = (
			);
			runOnlyForDeploymentPostprocessing = 0;
			shellPath = /bin/sh;
			shellScript = "# Type a script or drag a script file from your workspace to insert its path.\n\"${PODS_ROOT}/SwiftLint/swiftlint\"\n";
		};
/* End PBXShellScriptBuildPhase section */

/* Begin PBXSourcesBuildPhase section */
		3A07BE6B28E5E52A009B9D96 /* Sources */ = {
			isa = PBXSourcesBuildPhase;
			buildActionMask = 2147483647;
			files = (
				3AC05B5828E728FE00AB8627 /* FetchDataModel.swift in Sources */,
				3AC05B2928E6002500AB8627 /* CoreDataHelper.swift in Sources */,
				3AC05B4928E6CF3500AB8627 /* DetailViewController.swift in Sources */,
				3A07BE7D28E5E52B009B9D96 /* Test_task.xcdatamodeld in Sources */,
				3AC05B4F28E6E17900AB8627 /* FavouriteTableViewCell.swift in Sources */,
				3AC05B5B28E74C6000AB8627 /* Extension + UIImageView.swift in Sources */,
				3A07BEA828E5F2C5009B9D96 /* Constants.swift in Sources */,
				3AC05B4C28E6CF4100AB8627 /* DetailViewPresenter.swift in Sources */,
				3A07BE9E28E5EFFF009B9D96 /* ListViewPresenter.swift in Sources */,
				3AC05B3428E6074100AB8627 /* DataCollectionViewCell.swift in Sources */,
				3AC05B2628E6001200AB8627 /* NetworkDataFetcher.swift in Sources */,
				3A07BE9828E5EF76009B9D96 /* ListViewController.swift in Sources */,
				3A07BE9B28E5EFB0009B9D96 /* FavoriteViewPresenter.swift in Sources */,
				3A07BE7328E5E52B009B9D96 /* AppDelegate.swift in Sources */,
				3AC05B4528E6CD2200AB8627 /* DataCollectionViewCellPresenter.swift in Sources */,
				3AC05B6428E8130200AB8627 /* FavouriteTableViewCellPresenter.swift in Sources */,
				3AC05B3128E6060500AB8627 /* Extension + UIViewController.swift in Sources */,
				3A07BEA128E5F031009B9D96 /* ListViewDelegate.swift in Sources */,
				3AC05B2D28E601E900AB8627 /* LoadedData.swift in Sources */,
				3A07BE7528E5E52B009B9D96 /* SceneDelegate.swift in Sources */,
				3A07BEA428E5F27A009B9D96 /* TabBarView.swift in Sources */,
				3AC05B6128E810BC00AB8627 /* FavouriteViewDelegate.swift in Sources */,
				3A07BE9528E5EF68009B9D96 /* FavoriteViewController.swift in Sources */,
			);
			runOnlyForDeploymentPostprocessing = 0;
		};
/* End PBXSourcesBuildPhase section */

/* Begin PBXVariantGroup section */
		3A07BE8028E5E532009B9D96 /* LaunchScreen.storyboard */ = {
			isa = PBXVariantGroup;
			children = (
				3A07BE8128E5E532009B9D96 /* Base */,
			);
			name = LaunchScreen.storyboard;
			sourceTree = "<group>";
		};
/* End PBXVariantGroup section */

/* Begin XCBuildConfiguration section */
		3A07BE8428E5E532009B9D96 /* Debug */ = {
			isa = XCBuildConfiguration;
			buildSettings = {
				ALWAYS_SEARCH_USER_PATHS = NO;
				CLANG_ANALYZER_NONNULL = YES;
				CLANG_ANALYZER_NUMBER_OBJECT_CONVERSION = YES_AGGRESSIVE;
				CLANG_CXX_LANGUAGE_STANDARD = "gnu++14";
				CLANG_CXX_LIBRARY = "libc++";
				CLANG_ENABLE_MODULES = YES;
				CLANG_ENABLE_OBJC_ARC = YES;
				CLANG_ENABLE_OBJC_WEAK = YES;
				CLANG_WARN_BLOCK_CAPTURE_AUTORELEASING = YES;
				CLANG_WARN_BOOL_CONVERSION = YES;
				CLANG_WARN_COMMA = YES;
				CLANG_WARN_CONSTANT_CONVERSION = YES;
				CLANG_WARN_DEPRECATED_OBJC_IMPLEMENTATIONS = YES;
				CLANG_WARN_DIRECT_OBJC_ISA_USAGE = YES_ERROR;
				CLANG_WARN_DOCUMENTATION_COMMENTS = YES;
				CLANG_WARN_EMPTY_BODY = YES;
				CLANG_WARN_ENUM_CONVERSION = YES;
				CLANG_WARN_INFINITE_RECURSION = YES;
				CLANG_WARN_INT_CONVERSION = YES;
				CLANG_WARN_NON_LITERAL_NULL_CONVERSION = YES;
				CLANG_WARN_OBJC_IMPLICIT_RETAIN_SELF = YES;
				CLANG_WARN_OBJC_LITERAL_CONVERSION = YES;
				CLANG_WARN_OBJC_ROOT_CLASS = YES_ERROR;
				CLANG_WARN_QUOTED_INCLUDE_IN_FRAMEWORK_HEADER = YES;
				CLANG_WARN_RANGE_LOOP_ANALYSIS = YES;
				CLANG_WARN_STRICT_PROTOTYPES = YES;
				CLANG_WARN_SUSPICIOUS_MOVE = YES;
				CLANG_WARN_UNGUARDED_AVAILABILITY = YES_AGGRESSIVE;
				CLANG_WARN_UNREACHABLE_CODE = YES;
				CLANG_WARN__DUPLICATE_METHOD_MATCH = YES;
				COPY_PHASE_STRIP = NO;
				DEBUG_INFORMATION_FORMAT = dwarf;
				ENABLE_STRICT_OBJC_MSGSEND = YES;
				ENABLE_TESTABILITY = YES;
				GCC_C_LANGUAGE_STANDARD = gnu11;
				GCC_DYNAMIC_NO_PIC = NO;
				GCC_NO_COMMON_BLOCKS = YES;
				GCC_OPTIMIZATION_LEVEL = 0;
				GCC_PREPROCESSOR_DEFINITIONS = (
					"DEBUG=1",
					"$(inherited)",
				);
				GCC_WARN_64_TO_32_BIT_CONVERSION = YES;
				GCC_WARN_ABOUT_RETURN_TYPE = YES_ERROR;
				GCC_WARN_UNDECLARED_SELECTOR = YES;
				GCC_WARN_UNINITIALIZED_AUTOS = YES_AGGRESSIVE;
				GCC_WARN_UNUSED_FUNCTION = YES;
				GCC_WARN_UNUSED_VARIABLE = YES;
				IPHONEOS_DEPLOYMENT_TARGET = 14.1;
				MTL_ENABLE_DEBUG_INFO = INCLUDE_SOURCE;
				MTL_FAST_MATH = YES;
				ONLY_ACTIVE_ARCH = YES;
				SDKROOT = iphoneos;
				SWIFT_ACTIVE_COMPILATION_CONDITIONS = DEBUG;
				SWIFT_OPTIMIZATION_LEVEL = "-Onone";
			};
			name = Debug;
		};
		3A07BE8528E5E532009B9D96 /* Release */ = {
			isa = XCBuildConfiguration;
			buildSettings = {
				ALWAYS_SEARCH_USER_PATHS = NO;
				CLANG_ANALYZER_NONNULL = YES;
				CLANG_ANALYZER_NUMBER_OBJECT_CONVERSION = YES_AGGRESSIVE;
				CLANG_CXX_LANGUAGE_STANDARD = "gnu++14";
				CLANG_CXX_LIBRARY = "libc++";
				CLANG_ENABLE_MODULES = YES;
				CLANG_ENABLE_OBJC_ARC = YES;
				CLANG_ENABLE_OBJC_WEAK = YES;
				CLANG_WARN_BLOCK_CAPTURE_AUTORELEASING = YES;
				CLANG_WARN_BOOL_CONVERSION = YES;
				CLANG_WARN_COMMA = YES;
				CLANG_WARN_CONSTANT_CONVERSION = YES;
				CLANG_WARN_DEPRECATED_OBJC_IMPLEMENTATIONS = YES;
				CLANG_WARN_DIRECT_OBJC_ISA_USAGE = YES_ERROR;
				CLANG_WARN_DOCUMENTATION_COMMENTS = YES;
				CLANG_WARN_EMPTY_BODY = YES;
				CLANG_WARN_ENUM_CONVERSION = YES;
				CLANG_WARN_INFINITE_RECURSION = YES;
				CLANG_WARN_INT_CONVERSION = YES;
				CLANG_WARN_NON_LITERAL_NULL_CONVERSION = YES;
				CLANG_WARN_OBJC_IMPLICIT_RETAIN_SELF = YES;
				CLANG_WARN_OBJC_LITERAL_CONVERSION = YES;
				CLANG_WARN_OBJC_ROOT_CLASS = YES_ERROR;
				CLANG_WARN_QUOTED_INCLUDE_IN_FRAMEWORK_HEADER = YES;
				CLANG_WARN_RANGE_LOOP_ANALYSIS = YES;
				CLANG_WARN_STRICT_PROTOTYPES = YES;
				CLANG_WARN_SUSPICIOUS_MOVE = YES;
				CLANG_WARN_UNGUARDED_AVAILABILITY = YES_AGGRESSIVE;
				CLANG_WARN_UNREACHABLE_CODE = YES;
				CLANG_WARN__DUPLICATE_METHOD_MATCH = YES;
				COPY_PHASE_STRIP = NO;
				DEBUG_INFORMATION_FORMAT = "dwarf-with-dsym";
				ENABLE_NS_ASSERTIONS = NO;
				ENABLE_STRICT_OBJC_MSGSEND = YES;
				GCC_C_LANGUAGE_STANDARD = gnu11;
				GCC_NO_COMMON_BLOCKS = YES;
				GCC_WARN_64_TO_32_BIT_CONVERSION = YES;
				GCC_WARN_ABOUT_RETURN_TYPE = YES_ERROR;
				GCC_WARN_UNDECLARED_SELECTOR = YES;
				GCC_WARN_UNINITIALIZED_AUTOS = YES_AGGRESSIVE;
				GCC_WARN_UNUSED_FUNCTION = YES;
				GCC_WARN_UNUSED_VARIABLE = YES;
				IPHONEOS_DEPLOYMENT_TARGET = 14.1;
				MTL_ENABLE_DEBUG_INFO = NO;
				MTL_FAST_MATH = YES;
				SDKROOT = iphoneos;
				SWIFT_COMPILATION_MODE = wholemodule;
				SWIFT_OPTIMIZATION_LEVEL = "-O";
				VALIDATE_PRODUCT = YES;
			};
			name = Release;
		};
		3A07BE8728E5E532009B9D96 /* Debug */ = {
			isa = XCBuildConfiguration;
			baseConfigurationReference = D05C20B44AA5543354C9BA76 /* Pods-Test-task.debug.xcconfig */;
			buildSettings = {
				ASSETCATALOG_COMPILER_APPICON_NAME = AppIcon;
				ASSETCATALOG_COMPILER_GLOBAL_ACCENT_COLOR_NAME = AccentColor;
				CODE_SIGN_STYLE = Automatic;
				DEVELOPMENT_TEAM = 865KW5QMSV;
				INFOPLIST_FILE = "Test-task/App/Info.plist";
				IPHONEOS_DEPLOYMENT_TARGET = 13.0;
				LD_RUNPATH_SEARCH_PATHS = (
					"$(inherited)",
					"@executable_path/Frameworks",
				);
				PRODUCT_BUNDLE_IDENTIFIER = "Vadim-Vitkovskiy.Test-task";
				PRODUCT_NAME = "$(TARGET_NAME)";
				SWIFT_VERSION = 5.0;
				TARGETED_DEVICE_FAMILY = "1,2";
			};
			name = Debug;
		};
		3A07BE8828E5E532009B9D96 /* Release */ = {
			isa = XCBuildConfiguration;
			baseConfigurationReference = C86EAD7713D164F89F124740 /* Pods-Test-task.release.xcconfig */;
			buildSettings = {
				ASSETCATALOG_COMPILER_APPICON_NAME = AppIcon;
				ASSETCATALOG_COMPILER_GLOBAL_ACCENT_COLOR_NAME = AccentColor;
				CODE_SIGN_STYLE = Automatic;
				DEVELOPMENT_TEAM = 865KW5QMSV;
				INFOPLIST_FILE = "Test-task/App/Info.plist";
				IPHONEOS_DEPLOYMENT_TARGET = 13.0;
				LD_RUNPATH_SEARCH_PATHS = (
					"$(inherited)",
					"@executable_path/Frameworks",
				);
				PRODUCT_BUNDLE_IDENTIFIER = "Vadim-Vitkovskiy.Test-task";
				PRODUCT_NAME = "$(TARGET_NAME)";
				SWIFT_VERSION = 5.0;
				TARGETED_DEVICE_FAMILY = "1,2";
			};
			name = Release;
		};
/* End XCBuildConfiguration section */

/* Begin XCConfigurationList section */
		3A07BE6A28E5E52A009B9D96 /* Build configuration list for PBXProject "Test-task" */ = {
			isa = XCConfigurationList;
			buildConfigurations = (
				3A07BE8428E5E532009B9D96 /* Debug */,
				3A07BE8528E5E532009B9D96 /* Release */,
			);
			defaultConfigurationIsVisible = 0;
			defaultConfigurationName = Release;
		};
		3A07BE8628E5E532009B9D96 /* Build configuration list for PBXNativeTarget "Test-task" */ = {
			isa = XCConfigurationList;
			buildConfigurations = (
				3A07BE8728E5E532009B9D96 /* Debug */,
				3A07BE8828E5E532009B9D96 /* Release */,
			);
			defaultConfigurationIsVisible = 0;
			defaultConfigurationName = Release;
		};
/* End XCConfigurationList section */

/* Begin XCVersionGroup section */
		3A07BE7B28E5E52B009B9D96 /* Test_task.xcdatamodeld */ = {
			isa = XCVersionGroup;
			children = (
				3A07BE7C28E5E52B009B9D96 /* Test_task.xcdatamodel */,
			);
			currentVersion = 3A07BE7C28E5E52B009B9D96 /* Test_task.xcdatamodel */;
			path = Test_task.xcdatamodeld;
			sourceTree = "<group>";
			versionGroupType = wrapper.xcdatamodel;
		};
/* End XCVersionGroup section */
	};
	rootObject = 3A07BE6728E5E52A009B9D96 /* Project object */;
}
